
Microsoft Visual Studio Solution File, Format Version 12.00
# Visual Studio 15
VisualStudioVersion = 15.0.28307.1401
MinimumVisualStudioVersion = 10.0.40219.1
Project("{8BC9CEB8-8B4A-11D0-8D11-00A0C91BC942}") = "Project12", "Project12\Project12.vcxproj", "{414D0897-A696-4191-A57F-D1314467B515}"
EndProject
Global
	GlobalSection(SolutionConfigurationPlatforms) = preSolution
		Debug|x64 = Debug|x64
		Debug|x86 = Debug|x86
		Release|x64 = Release|x64
		Release|x86 = Release|x86
	EndGlobalSection
	GlobalSection(ProjectConfigurationPlatforms) = postSolution
		{414D0897-A696-4191-A57F-D1314467B515}.Debug|x64.ActiveCfg = Debug|x64
		{414D0897-A696-4191-A57F-D1314467B515}.Debug|x64.Build.0 = Debug|x64
		{414D0897-A696-4191-A57F-D1314467B515}.Debug|x86.ActiveCfg = Debug|Win32
		{414D0897-A696-4191-A57F-D1314467B515}.Debug|x86.Build.0 = Debug|Win32
		{414D0897-A696-4191-A57F-D1314467B515}.Release|x64.ActiveCfg = Release|x64
		{414D0897-A696-4191-A57F-D1314467B515}.Release|x64.Build.0 = Release|x64
		{414D0897-A696-4191-A57F-D1314467B515}.Release|x86.ActiveCfg = Release|Win32
		{414D0897-A696-4191-A57F-D1314467B515}.Release|x86.Build.0 = Release|Win32
	EndGlobalSection
	GlobalSection(SolutionProperties) = preSolution
		HideSolutionNode = FALSE
	EndGlobalSection
	GlobalSection(ExtensibilityGlobals) = postSolution
		SolutionGuid = {52149073-BE6B-4C38-A190-D6E40B6D1AF4}
	EndGlobalSection
EndGlobal
